
Microsoft Visual Studio Solution File, Format Version 12.00
Project("{FAE04EC0-301F-11D3-BF4B-00C04F79EFBC}") = "ProjetFilmv1", "ProjetFilmv1\ProjetFilmv1.csproj", "{546E8829-C2FD-4AD2-B7A2-940F20632B19}"
EndProject
Global
	GlobalSection(SolutionConfigurationPlatforms) = preSolution
		Debug|Any CPU = Debug|Any CPU
		Release|Any CPU = Release|Any CPU
	EndGlobalSection
	GlobalSection(ProjectConfigurationPlatforms) = postSolution
		{546E8829-C2FD-4AD2-B7A2-940F20632B19}.Debug|Any CPU.ActiveCfg = Debug|Any CPU
		{546E8829-C2FD-4AD2-B7A2-940F20632B19}.Debug|Any CPU.Build.0 = Debug|Any CPU
		{546E8829-C2FD-4AD2-B7A2-940F20632B19}.Release|Any CPU.ActiveCfg = Release|Any CPU
		{546E8829-C2FD-4AD2-B7A2-940F20632B19}.Release|Any CPU.Build.0 = Release|Any CPU
	EndGlobalSection
EndGlobal
